
Microsoft Visual Studio Solution File, Format Version 12.00
# Visual Studio 14
VisualStudioVersion = 14.0.25123.0
MinimumVisualStudioVersion = 10.0.40219.1
Project("{8BB2217D-0F2D-49D1-97BC-3654ED321F3B}") = "SmartPlag.Tokenzier.CSharp", "SmartPlag.Tokenzier.CSharp\SmartPlag.Tokenzier.CSharp.xproj", "{77C33B8C-023D-4E17-8A6F-AD0728ABB94E}"
EndProject
Project("{2150E333-8FDC-42A3-9474-1A3956D46DE8}") = "Tokenizer", "Tokenizer", "{3D0CB33B-F316-44AE-9BBC-236836E90AE4}"
EndProject
Project("{2150E333-8FDC-42A3-9474-1A3956D46DE8}") = "Comparison", "Comparison", "{BBBA6ADC-CEA4-433C-9E55-A59DBBBD6567}"
EndProject
Project("{2150E333-8FDC-42A3-9474-1A3956D46DE8}") = "Algorithm", "Algorithm", "{4C6BF0DF-EFB8-4C2E-8BC0-945BD2728187}"
EndProject
Project("{FAE04EC0-301F-11D3-BF4B-00C04F79EFBC}") = "SmartPlag.Comparison.Algorithm.GreedyStringTiling.Tests", "SmartPlag.Comparison.Algorithm.GreedyStringTiling.Tests\SmartPlag.Comparison.Algorithm.GreedyStringTiling.Tests.csproj", "{FE6B7EDE-8873-40D7-BB95-FAA718ABA30A}"
EndProject
Project("{8BB2217D-0F2D-49D1-97BC-3654ED321F3B}") = "SmartPlag.Comparison.Algorithm.GreedyStringTiling", "SmartPlag.Comparison.Algorithm.GreedyStringTiling\SmartPlag.Comparison.Algorithm.GreedyStringTiling.xproj", "{62077E8A-C145-4654-80ED-993E92E36F75}"
EndProject
Project("{8BB2217D-0F2D-49D1-97BC-3654ED321F3B}") = "SmartPlag.Comparison.Service.GreedyStringTiling", "SmartPlag.Comparison.Service.GreedyStringTiling\SmartPlag.Comparison.Service.GreedyStringTiling.xproj", "{C4C12329-512F-4290-BA8E-20D986BBC523}"
EndProject
Project("{2150E333-8FDC-42A3-9474-1A3956D46DE8}") = "Identity", "Identity", "{27EDCCE1-25B5-4EDC-8B85-B6750E70EBAA}"
EndProject
Project("{8BB2217D-0F2D-49D1-97BC-3654ED321F3B}") = "SmartPlag.Identity", "SmartPlag.Identity\SmartPlag.Identity.xproj", "{9E61A0D8-553D-45A2-AD75-F05782375468}"
EndProject
Project("{2150E333-8FDC-42A3-9474-1A3956D46DE8}") = "Manager", "Manager", "{2D0D2AD1-24D5-4E91-AFF5-C5964561F362}"
EndProject
Project("{8BB2217D-0F2D-49D1-97BC-3654ED321F3B}") = "SmartPlag.Manager.SimpleManager", "SmartPlag.Manager.SimpleManager\SmartPlag.Manager.SimpleManager.xproj", "{2C785E7F-F100-46E2-9E38-1A3F37049D10}"
EndProject
Global
	GlobalSection(SolutionConfigurationPlatforms) = preSolution
		Debug|Any CPU = Debug|Any CPU
		Release|Any CPU = Release|Any CPU
	EndGlobalSection
	GlobalSection(ProjectConfigurationPlatforms) = postSolution
		{77C33B8C-023D-4E17-8A6F-AD0728ABB94E}.Debug|Any CPU.ActiveCfg = Debug|Any CPU
		{77C33B8C-023D-4E17-8A6F-AD0728ABB94E}.Debug|Any CPU.Build.0 = Debug|Any CPU
		{77C33B8C-023D-4E17-8A6F-AD0728ABB94E}.Release|Any CPU.ActiveCfg = Release|Any CPU
		{77C33B8C-023D-4E17-8A6F-AD0728ABB94E}.Release|Any CPU.Build.0 = Release|Any CPU
		{FE6B7EDE-8873-40D7-BB95-FAA718ABA30A}.Debug|Any CPU.ActiveCfg = Debug|Any CPU
		{FE6B7EDE-8873-40D7-BB95-FAA718ABA30A}.Debug|Any CPU.Build.0 = Debug|Any CPU
		{FE6B7EDE-8873-40D7-BB95-FAA718ABA30A}.Release|Any CPU.ActiveCfg = Release|Any CPU
		{FE6B7EDE-8873-40D7-BB95-FAA718ABA30A}.Release|Any CPU.Build.0 = Release|Any CPU
		{62077E8A-C145-4654-80ED-993E92E36F75}.Debug|Any CPU.ActiveCfg = Debug|Any CPU
		{62077E8A-C145-4654-80ED-993E92E36F75}.Debug|Any CPU.Build.0 = Debug|Any CPU
		{62077E8A-C145-4654-80ED-993E92E36F75}.Release|Any CPU.ActiveCfg = Release|Any CPU
		{62077E8A-C145-4654-80ED-993E92E36F75}.Release|Any CPU.Build.0 = Release|Any CPU
		{C4C12329-512F-4290-BA8E-20D986BBC523}.Debug|Any CPU.ActiveCfg = Debug|Any CPU
		{C4C12329-512F-4290-BA8E-20D986BBC523}.Debug|Any CPU.Build.0 = Debug|Any CPU
		{C4C12329-512F-4290-BA8E-20D986BBC523}.Release|Any CPU.ActiveCfg = Release|Any CPU
		{C4C12329-512F-4290-BA8E-20D986BBC523}.Release|Any CPU.Build.0 = Release|Any CPU
		{9E61A0D8-553D-45A2-AD75-F05782375468}.Debug|Any CPU.ActiveCfg = Debug|Any CPU
		{9E61A0D8-553D-45A2-AD75-F05782375468}.Debug|Any CPU.Build.0 = Debug|Any CPU
		{9E61A0D8-553D-45A2-AD75-F05782375468}.Release|Any CPU.ActiveCfg = Release|Any CPU
		{9E61A0D8-553D-45A2-AD75-F05782375468}.Release|Any CPU.Build.0 = Release|Any CPU
		{2C785E7F-F100-46E2-9E38-1A3F37049D10}.Debug|Any CPU.ActiveCfg = Debug|Any CPU
		{2C785E7F-F100-46E2-9E38-1A3F37049D10}.Debug|Any CPU.Build.0 = Debug|Any CPU
		{2C785E7F-F100-46E2-9E38-1A3F37049D10}.Release|Any CPU.ActiveCfg = Release|Any CPU
		{2C785E7F-F100-46E2-9E38-1A3F37049D10}.Release|Any CPU.Build.0 = Release|Any CPU
	EndGlobalSection
	GlobalSection(SolutionProperties) = preSolution
		HideSolutionNode = FALSE
	EndGlobalSection
	GlobalSection(NestedProjects) = preSolution
		{77C33B8C-023D-4E17-8A6F-AD0728ABB94E} = {3D0CB33B-F316-44AE-9BBC-236836E90AE4}
		{4C6BF0DF-EFB8-4C2E-8BC0-945BD2728187} = {BBBA6ADC-CEA4-433C-9E55-A59DBBBD6567}
		{FE6B7EDE-8873-40D7-BB95-FAA718ABA30A} = {4C6BF0DF-EFB8-4C2E-8BC0-945BD2728187}
		{62077E8A-C145-4654-80ED-993E92E36F75} = {4C6BF0DF-EFB8-4C2E-8BC0-945BD2728187}
		{C4C12329-512F-4290-BA8E-20D986BBC523} = {BBBA6ADC-CEA4-433C-9E55-A59DBBBD6567}
		{9E61A0D8-553D-45A2-AD75-F05782375468} = {27EDCCE1-25B5-4EDC-8B85-B6750E70EBAA}
		{2C785E7F-F100-46E2-9E38-1A3F37049D10} = {2D0D2AD1-24D5-4E91-AFF5-C5964561F362}
	EndGlobalSection
EndGlobal
